
Microsoft Visual Studio Solution File, Format Version 12.00
# Visual Studio Version 16
VisualStudioVersion = 16.0.30128.74
MinimumVisualStudioVersion = 10.0.40219.1
Project("{FAE04EC0-301F-11D3-BF4B-00C04F79EFBC}") = "BartenderApp", "BartenderApp\BartenderApp.csproj", "{0BFF90CE-A885-462E-A400-8A750C58391F}"
EndProject
Global
	GlobalSection(SolutionConfigurationPlatforms) = preSolution
		Debug|Any CPU = Debug|Any CPU
		Release|Any CPU = Release|Any CPU
	EndGlobalSection
	GlobalSection(ProjectConfigurationPlatforms) = postSolution
		{0BFF90CE-A885-462E-A400-8A750C58391F}.Debug|Any CPU.ActiveCfg = Debug|Any CPU
		{0BFF90CE-A885-462E-A400-8A750C58391F}.Debug|Any CPU.Build.0 = Debug|Any CPU
		{0BFF90CE-A885-462E-A400-8A750C58391F}.Release|Any CPU.ActiveCfg = Release|Any CPU
		{0BFF90CE-A885-462E-A400-8A750C58391F}.Release|Any CPU.Build.0 = Release|Any CPU
	EndGlobalSection
	GlobalSection(SolutionProperties) = preSolution
		HideSolutionNode = FALSE
	EndGlobalSection
	GlobalSection(ExtensibilityGlobals) = postSolution
		SolutionGuid = {5A7A1F6B-7C2D-4F1D-9CAD-76C76D66FFD1}
	EndGlobalSection
EndGlobal
